
Microsoft Visual Studio Solution File, Format Version 12.00
# Visual Studio Version 17
VisualStudioVersion = 17.13.35828.75 d17.13
MinimumVisualStudioVersion = 10.0.40219.1
Project("{FAE04EC0-301F-11D3-BF4B-00C04F79EFBC}") = "The_Teapots", "The_Teapots\The_Teapots.csproj", "{DE20D5F1-1D6B-480F-8F8A-0462CDC2C745}"
EndProject
Global
	GlobalSection(SolutionConfigurationPlatforms) = preSolution
		Debug|Any CPU = Debug|Any CPU
		Release|Any CPU = Release|Any CPU
	EndGlobalSection
	GlobalSection(ProjectConfigurationPlatforms) = postSolution
		{DE20D5F1-1D6B-480F-8F8A-0462CDC2C745}.Debug|Any CPU.ActiveCfg = Debug|Any CPU
		{DE20D5F1-1D6B-480F-8F8A-0462CDC2C745}.Debug|Any CPU.Build.0 = Debug|Any CPU
		{DE20D5F1-1D6B-480F-8F8A-0462CDC2C745}.Release|Any CPU.ActiveCfg = Release|Any CPU
		{DE20D5F1-1D6B-480F-8F8A-0462CDC2C745}.Release|Any CPU.Build.0 = Release|Any CPU
	EndGlobalSection
	GlobalSection(SolutionProperties) = preSolution
		HideSolutionNode = FALSE
	EndGlobalSection
	GlobalSection(ExtensibilityGlobals) = postSolution
		SolutionGuid = {6533D09C-3C75-4877-A64F-6BB2C0D228F7}
	EndGlobalSection
EndGlobal
